
Microsoft Visual Studio Solution File, Format Version 12.00
# Visual Studio Version 16
VisualStudioVersion = 16.0.30621.155
MinimumVisualStudioVersion = 10.0.40219.1
Project("{FAE04EC0-301F-11D3-BF4B-00C04F79EFBC}") = "APIwithXamarin3.Android", "APIwithXamarin3\APIwithXamarin3.Android\APIwithXamarin3.Android.csproj", "{F5FED994-457C-408C-A47E-A869DFC7F26D}"
EndProject
Project("{FAE04EC0-301F-11D3-BF4B-00C04F79EFBC}") = "APIwithXamarin3.iOS", "APIwithXamarin3\APIwithXamarin3.iOS\APIwithXamarin3.iOS.csproj", "{F24ADA88-CAB3-477E-B469-2DA9620B90F9}"
EndProject
Project("{FAE04EC0-301F-11D3-BF4B-00C04F79EFBC}") = "APIwithXamarin3", "APIwithXamarin3\APIwithXamarin3\APIwithXamarin3.csproj", "{837B8562-A53C-4B9D-AE0E-E7E52B46C509}"
EndProject
Global
	GlobalSection(SolutionConfigurationPlatforms) = preSolution
		Debug|Any CPU = Debug|Any CPU
		Debug|iPhone = Debug|iPhone
		Debug|iPhoneSimulator = Debug|iPhoneSimulator
		Release|Any CPU = Release|Any CPU
		Release|iPhone = Release|iPhone
		Release|iPhoneSimulator = Release|iPhoneSimulator
	EndGlobalSection
	GlobalSection(ProjectConfigurationPlatforms) = postSolution
		{F5FED994-457C-408C-A47E-A869DFC7F26D}.Debug|Any CPU.ActiveCfg = Debug|Any CPU
		{F5FED994-457C-408C-A47E-A869DFC7F26D}.Debug|Any CPU.Build.0 = Debug|Any CPU
		{F5FED994-457C-408C-A47E-A869DFC7F26D}.Debug|Any CPU.Deploy.0 = Debug|Any CPU
		{F5FED994-457C-408C-A47E-A869DFC7F26D}.Debug|iPhone.ActiveCfg = Debug|Any CPU
		{F5FED994-457C-408C-A47E-A869DFC7F26D}.Debug|iPhone.Build.0 = Debug|Any CPU
		{F5FED994-457C-408C-A47E-A869DFC7F26D}.Debug|iPhone.Deploy.0 = Debug|Any CPU
		{F5FED994-457C-408C-A47E-A869DFC7F26D}.Debug|iPhoneSimulator.ActiveCfg = Debug|Any CPU
		{F5FED994-457C-408C-A47E-A869DFC7F26D}.Debug|iPhoneSimulator.Build.0 = Debug|Any CPU
		{F5FED994-457C-408C-A47E-A869DFC7F26D}.Debug|iPhoneSimulator.Deploy.0 = Debug|Any CPU
		{F5FED994-457C-408C-A47E-A869DFC7F26D}.Release|Any CPU.ActiveCfg = Release|Any CPU
		{F5FED994-457C-408C-A47E-A869DFC7F26D}.Release|Any CPU.Build.0 = Release|Any CPU
		{F5FED994-457C-408C-A47E-A869DFC7F26D}.Release|Any CPU.Deploy.0 = Release|Any CPU
		{F5FED994-457C-408C-A47E-A869DFC7F26D}.Release|iPhone.ActiveCfg = Release|Any CPU
		{F5FED994-457C-408C-A47E-A869DFC7F26D}.Release|iPhone.Build.0 = Release|Any CPU
		{F5FED994-457C-408C-A47E-A869DFC7F26D}.Release|iPhone.Deploy.0 = Release|Any CPU
		{F5FED994-457C-408C-A47E-A869DFC7F26D}.Release|iPhoneSimulator.ActiveCfg = Release|Any CPU
		{F5FED994-457C-408C-A47E-A869DFC7F26D}.Release|iPhoneSimulator.Build.0 = Release|Any CPU
		{F5FED994-457C-408C-A47E-A869DFC7F26D}.Release|iPhoneSimulator.Deploy.0 = Release|Any CPU
		{F24ADA88-CAB3-477E-B469-2DA9620B90F9}.Debug|Any CPU.ActiveCfg = Debug|iPhone
		{F24ADA88-CAB3-477E-B469-2DA9620B90F9}.Debug|Any CPU.Build.0 = Debug|iPhone
		{F24ADA88-CAB3-477E-B469-2DA9620B90F9}.Debug|Any CPU.Deploy.0 = Debug|iPhone
		{F24ADA88-CAB3-477E-B469-2DA9620B90F9}.Debug|iPhone.ActiveCfg = Debug|iPhone
		{F24ADA88-CAB3-477E-B469-2DA9620B90F9}.Debug|iPhone.Build.0 = Debug|iPhone
		{F24ADA88-CAB3-477E-B469-2DA9620B90F9}.Debug|iPhone.Deploy.0 = Debug|iPhone
		{F24ADA88-CAB3-477E-B469-2DA9620B90F9}.Debug|iPhoneSimulator.ActiveCfg = Debug|iPhoneSimulator
		{F24ADA88-CAB3-477E-B469-2DA9620B90F9}.Debug|iPhoneSimulator.Build.0 = Debug|iPhoneSimulator
		{F24ADA88-CAB3-477E-B469-2DA9620B90F9}.Debug|iPhoneSimulator.Deploy.0 = Debug|iPhoneSimulator
		{F24ADA88-CAB3-477E-B469-2DA9620B90F9}.Release|Any CPU.ActiveCfg = Release|iPhoneSimulator
		{F24ADA88-CAB3-477E-B469-2DA9620B90F9}.Release|Any CPU.Build.0 = Release|iPhoneSimulator
		{F24ADA88-CAB3-477E-B469-2DA9620B90F9}.Release|Any CPU.Deploy.0 = Release|iPhoneSimulator
		{F24ADA88-CAB3-477E-B469-2DA9620B90F9}.Release|iPhone.ActiveCfg = Release|iPhone
		{F24ADA88-CAB3-477E-B469-2DA9620B90F9}.Release|iPhone.Build.0 = Release|iPhone
		{F24ADA88-CAB3-477E-B469-2DA9620B90F9}.Release|iPhone.Deploy.0 = Release|iPhone
		{F24ADA88-CAB3-477E-B469-2DA9620B90F9}.Release|iPhoneSimulator.ActiveCfg = Release|iPhoneSimulator
		{F24ADA88-CAB3-477E-B469-2DA9620B90F9}.Release|iPhoneSimulator.Build.0 = Release|iPhoneSimulator
		{F24ADA88-CAB3-477E-B469-2DA9620B90F9}.Release|iPhoneSimulator.Deploy.0 = Release|iPhoneSimulator
		{837B8562-A53C-4B9D-AE0E-E7E52B46C509}.Debug|Any CPU.ActiveCfg = Debug|Any CPU
		{837B8562-A53C-4B9D-AE0E-E7E52B46C509}.Debug|Any CPU.Build.0 = Debug|Any CPU
		{837B8562-A53C-4B9D-AE0E-E7E52B46C509}.Debug|Any CPU.Deploy.0 = Debug|Any CPU
		{837B8562-A53C-4B9D-AE0E-E7E52B46C509}.Debug|iPhone.ActiveCfg = Debug|Any CPU
		{837B8562-A53C-4B9D-AE0E-E7E52B46C509}.Debug|iPhone.Build.0 = Debug|Any CPU
		{837B8562-A53C-4B9D-AE0E-E7E52B46C509}.Debug|iPhone.Deploy.0 = Debug|Any CPU
		{837B8562-A53C-4B9D-AE0E-E7E52B46C509}.Debug|iPhoneSimulator.ActiveCfg = Debug|Any CPU
		{837B8562-A53C-4B9D-AE0E-E7E52B46C509}.Debug|iPhoneSimulator.Build.0 = Debug|Any CPU
		{837B8562-A53C-4B9D-AE0E-E7E52B46C509}.Debug|iPhoneSimulator.Deploy.0 = Debug|Any CPU
		{837B8562-A53C-4B9D-AE0E-E7E52B46C509}.Release|Any CPU.ActiveCfg = Release|Any CPU
		{837B8562-A53C-4B9D-AE0E-E7E52B46C509}.Release|Any CPU.Build.0 = Release|Any CPU
		{837B8562-A53C-4B9D-AE0E-E7E52B46C509}.Release|Any CPU.Deploy.0 = Release|Any CPU
		{837B8562-A53C-4B9D-AE0E-E7E52B46C509}.Release|iPhone.ActiveCfg = Release|Any CPU
		{837B8562-A53C-4B9D-AE0E-E7E52B46C509}.Release|iPhone.Build.0 = Release|Any CPU
		{837B8562-A53C-4B9D-AE0E-E7E52B46C509}.Release|iPhone.Deploy.0 = Release|Any CPU
		{837B8562-A53C-4B9D-AE0E-E7E52B46C509}.Release|iPhoneSimulator.ActiveCfg = Release|Any CPU
		{837B8562-A53C-4B9D-AE0E-E7E52B46C509}.Release|iPhoneSimulator.Build.0 = Release|Any CPU
		{837B8562-A53C-4B9D-AE0E-E7E52B46C509}.Release|iPhoneSimulator.Deploy.0 = Release|Any CPU
	EndGlobalSection
	GlobalSection(SolutionProperties) = preSolution
		HideSolutionNode = FALSE
	EndGlobalSection
	GlobalSection(ExtensibilityGlobals) = postSolution
		SolutionGuid = {49500220-F389-447C-8CD4-B5470E525519}
	EndGlobalSection
EndGlobal
